
Microsoft Visual Studio Solution File, Format Version 12.00
# Visual Studio 14
VisualStudioVersion = 14.0.25420.1
MinimumVisualStudioVersion = 10.0.40219.1
Project("{FAE04EC0-301F-11D3-BF4B-00C04F79EFBC}") = "EscarGo", "EscarGo\EscarGo.csproj", "{9B76BBFC-9E56-48F1-8B94-1C1A6AF00C2F}"
EndProject
Project("{FAE04EC0-301F-11D3-BF4B-00C04F79EFBC}") = "EscarGoLibrary", "EscarGoLibrary\EscarGoLibrary.csproj", "{BCC9CE6E-437D-404A-AFDF-A5EDE7AE677F}"
EndProject
Project("{FAE04EC0-301F-11D3-BF4B-00C04F79EFBC}") = "EscarGoAsync", "EscarGoAsync\EscarGoAsync.csproj", "{3724A004-4AD4-4718-BF59-12681EE97D49}"
EndProject
Project("{FAE04EC0-301F-11D3-BF4B-00C04F79EFBC}") = "EscarGoCQRS", "EscarGoCQRS\EscarGoCQRS.csproj", "{BC0BD193-4F4A-469F-A7E0-CA64C0363BAD}"
EndProject
Project("{FAE04EC0-301F-11D3-BF4B-00C04F79EFBC}") = "EscargoTest", "EscargoTest\EscargoTest.csproj", "{05C045FC-97D6-4FF7-A57F-30CDDF0FB99A}"
EndProject
Project("{2150E333-8FDC-42A3-9474-1A3956D46DE8}") = "Solution Items", "Solution Items", "{3A4D1E5A-49ED-4C84-B689-B9DCE25C7F65}"
	ProjectSection(SolutionItems) = preProject
		Local.testsettings = Local.testsettings
	EndProjectSection
EndProject
Project("{FAE04EC0-301F-11D3-BF4B-00C04F79EFBC}") = "CQRSJobs", "CQRSJobs\CQRSJobs.csproj", "{8E499932-7854-470C-BCD2-27517D8B9415}"
EndProject
Project("{FAE04EC0-301F-11D3-BF4B-00C04F79EFBC}") = "EscarGoQueue", "EscarGoQueue\EscarGoQueue.csproj", "{B92B5B4F-0209-4E28-88CF-AC7BD30CC763}"
EndProject
Project("{FAE04EC0-301F-11D3-BF4B-00C04F79EFBC}") = "QueueJobs", "QueueJobs\QueueJobs.csproj", "{C28ABE3F-A9E7-483F-9610-54D1675F2574}"
EndProject
Project("{FAE04EC0-301F-11D3-BF4B-00C04F79EFBC}") = "EscarGoCache", "EscarGoCache\EscarGoCache.csproj", "{4776E28E-2591-4D05-A5E5-B876E6FFF3FC}"
EndProject
Project("{FAE04EC0-301F-11D3-BF4B-00C04F79EFBC}") = "EscargoDisjoncteur", "EscargoDisjoncteur\EscargoDisjoncteur.csproj", "{B9FC9871-BAB4-4F81-AB73-2106B8710050}"
EndProject
Global
	GlobalSection(SolutionConfigurationPlatforms) = preSolution
		Debug|Any CPU = Debug|Any CPU
		Release|Any CPU = Release|Any CPU
	EndGlobalSection
	GlobalSection(ProjectConfigurationPlatforms) = postSolution
		{9B76BBFC-9E56-48F1-8B94-1C1A6AF00C2F}.Debug|Any CPU.ActiveCfg = Debug|Any CPU
		{9B76BBFC-9E56-48F1-8B94-1C1A6AF00C2F}.Debug|Any CPU.Build.0 = Debug|Any CPU
		{9B76BBFC-9E56-48F1-8B94-1C1A6AF00C2F}.Release|Any CPU.ActiveCfg = Release|Any CPU
		{9B76BBFC-9E56-48F1-8B94-1C1A6AF00C2F}.Release|Any CPU.Build.0 = Release|Any CPU
		{BCC9CE6E-437D-404A-AFDF-A5EDE7AE677F}.Debug|Any CPU.ActiveCfg = Debug|Any CPU
		{BCC9CE6E-437D-404A-AFDF-A5EDE7AE677F}.Debug|Any CPU.Build.0 = Debug|Any CPU
		{BCC9CE6E-437D-404A-AFDF-A5EDE7AE677F}.Release|Any CPU.ActiveCfg = Release|Any CPU
		{BCC9CE6E-437D-404A-AFDF-A5EDE7AE677F}.Release|Any CPU.Build.0 = Release|Any CPU
		{3724A004-4AD4-4718-BF59-12681EE97D49}.Debug|Any CPU.ActiveCfg = Debug|Any CPU
		{3724A004-4AD4-4718-BF59-12681EE97D49}.Debug|Any CPU.Build.0 = Debug|Any CPU
		{3724A004-4AD4-4718-BF59-12681EE97D49}.Release|Any CPU.ActiveCfg = Release|Any CPU
		{3724A004-4AD4-4718-BF59-12681EE97D49}.Release|Any CPU.Build.0 = Release|Any CPU
		{BC0BD193-4F4A-469F-A7E0-CA64C0363BAD}.Debug|Any CPU.ActiveCfg = Debug|Any CPU
		{BC0BD193-4F4A-469F-A7E0-CA64C0363BAD}.Debug|Any CPU.Build.0 = Debug|Any CPU
		{BC0BD193-4F4A-469F-A7E0-CA64C0363BAD}.Release|Any CPU.ActiveCfg = Release|Any CPU
		{BC0BD193-4F4A-469F-A7E0-CA64C0363BAD}.Release|Any CPU.Build.0 = Release|Any CPU
		{05C045FC-97D6-4FF7-A57F-30CDDF0FB99A}.Debug|Any CPU.ActiveCfg = Debug|Any CPU
		{05C045FC-97D6-4FF7-A57F-30CDDF0FB99A}.Debug|Any CPU.Build.0 = Debug|Any CPU
		{05C045FC-97D6-4FF7-A57F-30CDDF0FB99A}.Release|Any CPU.ActiveCfg = Release|Any CPU
		{05C045FC-97D6-4FF7-A57F-30CDDF0FB99A}.Release|Any CPU.Build.0 = Release|Any CPU
		{8E499932-7854-470C-BCD2-27517D8B9415}.Debug|Any CPU.ActiveCfg = Debug|Any CPU
		{8E499932-7854-470C-BCD2-27517D8B9415}.Debug|Any CPU.Build.0 = Debug|Any CPU
		{8E499932-7854-470C-BCD2-27517D8B9415}.Release|Any CPU.ActiveCfg = Release|Any CPU
		{8E499932-7854-470C-BCD2-27517D8B9415}.Release|Any CPU.Build.0 = Release|Any CPU
		{B92B5B4F-0209-4E28-88CF-AC7BD30CC763}.Debug|Any CPU.ActiveCfg = Debug|Any CPU
		{B92B5B4F-0209-4E28-88CF-AC7BD30CC763}.Debug|Any CPU.Build.0 = Debug|Any CPU
		{B92B5B4F-0209-4E28-88CF-AC7BD30CC763}.Release|Any CPU.ActiveCfg = Release|Any CPU
		{B92B5B4F-0209-4E28-88CF-AC7BD30CC763}.Release|Any CPU.Build.0 = Release|Any CPU
		{C28ABE3F-A9E7-483F-9610-54D1675F2574}.Debug|Any CPU.ActiveCfg = Debug|Any CPU
		{C28ABE3F-A9E7-483F-9610-54D1675F2574}.Debug|Any CPU.Build.0 = Debug|Any CPU
		{C28ABE3F-A9E7-483F-9610-54D1675F2574}.Release|Any CPU.ActiveCfg = Release|Any CPU
		{C28ABE3F-A9E7-483F-9610-54D1675F2574}.Release|Any CPU.Build.0 = Release|Any CPU
		{4776E28E-2591-4D05-A5E5-B876E6FFF3FC}.Debug|Any CPU.ActiveCfg = Debug|Any CPU
		{4776E28E-2591-4D05-A5E5-B876E6FFF3FC}.Debug|Any CPU.Build.0 = Debug|Any CPU
		{4776E28E-2591-4D05-A5E5-B876E6FFF3FC}.Release|Any CPU.ActiveCfg = Release|Any CPU
		{4776E28E-2591-4D05-A5E5-B876E6FFF3FC}.Release|Any CPU.Build.0 = Release|Any CPU
		{B9FC9871-BAB4-4F81-AB73-2106B8710050}.Debug|Any CPU.ActiveCfg = Debug|Any CPU
		{B9FC9871-BAB4-4F81-AB73-2106B8710050}.Debug|Any CPU.Build.0 = Debug|Any CPU
		{B9FC9871-BAB4-4F81-AB73-2106B8710050}.Release|Any CPU.ActiveCfg = Release|Any CPU
		{B9FC9871-BAB4-4F81-AB73-2106B8710050}.Release|Any CPU.Build.0 = Release|Any CPU
	EndGlobalSection
	GlobalSection(SolutionProperties) = preSolution
		HideSolutionNode = FALSE
	EndGlobalSection
	GlobalSection(ExtensibilityGlobals) = postSolution
		EnterpriseLibraryConfigurationToolBinariesPath = packages\TransientFaultHandling.Core.5.1.1209.0\lib\NET4;packages\Unity.2.1.505.0\lib\NET35;packages\Unity.Interception.2.1.505.0\lib\NET35;packages\EnterpriseLibrary.Common.5.0.505.0\lib\NET35;packages\EnterpriseLibrary.WindowsAzure.TransientFaultHandling.5.1.1212.0\lib\NET4;packages\EnterpriseLibrary.WindowsAzure.TransientFaultHandling.5.1.1212.0\DesignTime;packages\TransientFaultHandling.Core.5.1.1209.1\lib\NET4
		EnterpriseLibraryConfigurationToolBinariesPathV6 = packages\EnterpriseLibrary.TransientFaultHandling.6.0.1304.0\lib\portable-net45+win+wp8;packages\EnterpriseLibrary.TransientFaultHandling.WindowsAzure.Storage.6.0.1304.0\lib\NET45;packages\EnterpriseLibrary.TransientFaultHandling.Data.6.0.1304.1\lib\NET45;packages\EnterpriseLibrary.Common.6.0.1304.0\lib\NET45
	EndGlobalSection
EndGlobal
