
Microsoft Visual Studio Solution File, Format Version 12.00
# Visual Studio 14
VisualStudioVersion = 14.0.25123.0
MinimumVisualStudioVersion = 10.0.40219.1
Project("{FAE04EC0-301F-11D3-BF4B-00C04F79EFBC}") = "EscarGo", "EscarGo\EscarGo.csproj", "{9B76BBFC-9E56-48F1-8B94-1C1A6AF00C2F}"
EndProject
Project("{FAE04EC0-301F-11D3-BF4B-00C04F79EFBC}") = "EscarGoLibrary", "EscarGoLibrary\EscarGoLibrary.csproj", "{BCC9CE6E-437D-404A-AFDF-A5EDE7AE677F}"
EndProject
Project("{CC5FD16D-436D-48AD-A40C-5A424C6E3E79}") = "Cloud", "Cloud\Cloud.ccproj", "{399DD09E-FC57-400C-9430-76EDB8BD108C}"
EndProject
Project("{FAE04EC0-301F-11D3-BF4B-00C04F79EFBC}") = "EscarGoAsync", "EscarGoAsync\EscarGoAsync.csproj", "{3724A004-4AD4-4718-BF59-12681EE97D49}"
EndProject
Global
	GlobalSection(SolutionConfigurationPlatforms) = preSolution
		Debug|Any CPU = Debug|Any CPU
		Release|Any CPU = Release|Any CPU
	EndGlobalSection
	GlobalSection(ProjectConfigurationPlatforms) = postSolution
		{9B76BBFC-9E56-48F1-8B94-1C1A6AF00C2F}.Debug|Any CPU.ActiveCfg = Debug|Any CPU
		{9B76BBFC-9E56-48F1-8B94-1C1A6AF00C2F}.Debug|Any CPU.Build.0 = Debug|Any CPU
		{9B76BBFC-9E56-48F1-8B94-1C1A6AF00C2F}.Release|Any CPU.ActiveCfg = Release|Any CPU
		{9B76BBFC-9E56-48F1-8B94-1C1A6AF00C2F}.Release|Any CPU.Build.0 = Release|Any CPU
		{BCC9CE6E-437D-404A-AFDF-A5EDE7AE677F}.Debug|Any CPU.ActiveCfg = Debug|Any CPU
		{BCC9CE6E-437D-404A-AFDF-A5EDE7AE677F}.Debug|Any CPU.Build.0 = Debug|Any CPU
		{BCC9CE6E-437D-404A-AFDF-A5EDE7AE677F}.Release|Any CPU.ActiveCfg = Release|Any CPU
		{BCC9CE6E-437D-404A-AFDF-A5EDE7AE677F}.Release|Any CPU.Build.0 = Release|Any CPU
		{399DD09E-FC57-400C-9430-76EDB8BD108C}.Debug|Any CPU.ActiveCfg = Debug|Any CPU
		{399DD09E-FC57-400C-9430-76EDB8BD108C}.Debug|Any CPU.Build.0 = Debug|Any CPU
		{399DD09E-FC57-400C-9430-76EDB8BD108C}.Release|Any CPU.ActiveCfg = Release|Any CPU
		{399DD09E-FC57-400C-9430-76EDB8BD108C}.Release|Any CPU.Build.0 = Release|Any CPU
		{3724A004-4AD4-4718-BF59-12681EE97D49}.Debug|Any CPU.ActiveCfg = Debug|Any CPU
		{3724A004-4AD4-4718-BF59-12681EE97D49}.Debug|Any CPU.Build.0 = Debug|Any CPU
		{3724A004-4AD4-4718-BF59-12681EE97D49}.Release|Any CPU.ActiveCfg = Release|Any CPU
		{3724A004-4AD4-4718-BF59-12681EE97D49}.Release|Any CPU.Build.0 = Release|Any CPU
	EndGlobalSection
	GlobalSection(SolutionProperties) = preSolution
		HideSolutionNode = FALSE
	EndGlobalSection
EndGlobal
